
Microsoft Visual Studio Solution File, Format Version 12.00
# Visual Studio Version 16
VisualStudioVersion = 16.0.31624.102
MinimumVisualStudioVersion = 10.0.40219.1
Project("{9A19103F-16F7-4668-BE54-9A1E7A4F7556}") = "ParkingOnBoard", "ParkingOnBoard.csproj", "{EA87E522-4729-4C94-AA00-66CADCC90666}"
EndProject
Global
	GlobalSection(SolutionConfigurationPlatforms) = preSolution
		Debug|Any CPU = Debug|Any CPU
		Release|Any CPU = Release|Any CPU
	EndGlobalSection
	GlobalSection(ProjectConfigurationPlatforms) = postSolution
		{EA87E522-4729-4C94-AA00-66CADCC90666}.Debug|Any CPU.ActiveCfg = Debug|Any CPU
		{EA87E522-4729-4C94-AA00-66CADCC90666}.Debug|Any CPU.Build.0 = Debug|Any CPU
		{EA87E522-4729-4C94-AA00-66CADCC90666}.Release|Any CPU.ActiveCfg = Release|Any CPU
		{EA87E522-4729-4C94-AA00-66CADCC90666}.Release|Any CPU.Build.0 = Release|Any CPU
	EndGlobalSection
	GlobalSection(SolutionProperties) = preSolution
		HideSolutionNode = FALSE
	EndGlobalSection
	GlobalSection(ExtensibilityGlobals) = postSolution
		SolutionGuid = {1C472DEA-2E58-4EB9-9276-12CB35EB6973}
	EndGlobalSection
EndGlobal
